
Microsoft Visual Studio Solution File, Format Version 12.00
# Visual Studio 15
VisualStudioVersion = 15.0.28010.2016
MinimumVisualStudioVersion = 10.0.40219.1
Project("{FAE04EC0-301F-11D3-BF4B-00C04F79EFBC}") = "IndexedLocationService", "IndexedLocationService\IndexedLocationService.csproj", "{6263054F-16BE-4C97-B13C-CF56542A78A7}"
EndProject
Project("{FAE04EC0-301F-11D3-BF4B-00C04F79EFBC}") = "IndexedLocationServiceTests", "IndexedLocationServiceTests\IndexedLocationServiceTests.csproj", "{1C347563-4F65-432A-8C72-9E7AAD1FA49F}"
EndProject
Global
	GlobalSection(SolutionConfigurationPlatforms) = preSolution
		Debug|Any CPU = Debug|Any CPU
		Release|Any CPU = Release|Any CPU
	EndGlobalSection
	GlobalSection(ProjectConfigurationPlatforms) = postSolution
		{6263054F-16BE-4C97-B13C-CF56542A78A7}.Debug|Any CPU.ActiveCfg = Debug|Any CPU
		{6263054F-16BE-4C97-B13C-CF56542A78A7}.Debug|Any CPU.Build.0 = Debug|Any CPU
		{6263054F-16BE-4C97-B13C-CF56542A78A7}.Release|Any CPU.ActiveCfg = Release|Any CPU
		{6263054F-16BE-4C97-B13C-CF56542A78A7}.Release|Any CPU.Build.0 = Release|Any CPU
		{1C347563-4F65-432A-8C72-9E7AAD1FA49F}.Debug|Any CPU.ActiveCfg = Debug|Any CPU
		{1C347563-4F65-432A-8C72-9E7AAD1FA49F}.Debug|Any CPU.Build.0 = Debug|Any CPU
		{1C347563-4F65-432A-8C72-9E7AAD1FA49F}.Release|Any CPU.ActiveCfg = Release|Any CPU
		{1C347563-4F65-432A-8C72-9E7AAD1FA49F}.Release|Any CPU.Build.0 = Release|Any CPU
	EndGlobalSection
	GlobalSection(SolutionProperties) = preSolution
		HideSolutionNode = FALSE
	EndGlobalSection
	GlobalSection(ExtensibilityGlobals) = postSolution
		SolutionGuid = {22636BA4-E043-42C2-992F-9E695252CA39}
	EndGlobalSection
EndGlobal
