
Microsoft Visual Studio Solution File, Format Version 12.00
# Visual Studio 15
VisualStudioVersion = 15.0.28010.2016
MinimumVisualStudioVersion = 10.0.40219.1
Project("{9A19103F-16F7-4668-BE54-9A1E7A4F7556}") = "Mosaic.WebUI", "Mosaic.WebUI\Mosaic.WebUI.csproj", "{EFE854FC-208F-414C-B9EE-8D51925B7B3C}"
EndProject
Project("{9A19103F-16F7-4668-BE54-9A1E7A4F7556}") = "Mosaic.WebUITests", "Mosaic.WebUITests\Mosaic.WebUITests.csproj", "{24F1FFC4-E572-4EF4-9373-49C9EDFA30CC}"
EndProject
Project("{2150E333-8FDC-42A3-9474-1A3956D46DE8}") = "Services", "Services", "{FA0B4815-E855-4832-A479-EC09EDC32CB3}"
EndProject
Project("{9A19103F-16F7-4668-BE54-9A1E7A4F7556}") = "IndexedLocationService", "IndexedLocationService\IndexedLocationService.csproj", "{0F98CEB6-5D7F-4ED8-8CA7-D88A5A43A724}"
EndProject
Project("{2150E333-8FDC-42A3-9474-1A3956D46DE8}") = "Tests", "Tests", "{21186CB8-8355-4A32-847E-CE5FCF6F753A}"
EndProject
Project("{2150E333-8FDC-42A3-9474-1A3956D46DE8}") = "Web", "Web", "{D9A2AC9A-9CF0-40AB-89A1-25A49D6880CB}"
EndProject
Project("{2150E333-8FDC-42A3-9474-1A3956D46DE8}") = "WebTests", "WebTests", "{91CF7EEC-6DC5-4AC8-B7C0-1BC87A4E6145}"
EndProject
Project("{2150E333-8FDC-42A3-9474-1A3956D46DE8}") = "ServicesTests", "ServicesTests", "{03BC8850-B308-4CC8-AFE7-5D6A102F2816}"
EndProject
Project("{9A19103F-16F7-4668-BE54-9A1E7A4F7556}") = "IndexedLocationServiceTests", "IndexedLocationServiceTests\IndexedLocationServiceTests.csproj", "{6320606F-8B07-4294-BB4A-5DDAC8F8ABDD}"
EndProject
Project("{9A19103F-16F7-4668-BE54-9A1E7A4F7556}") = "ProjectServiceTests", "ProjectServiceTests\ProjectServiceTests.csproj", "{846EDC5D-3F01-4CE5-90EF-8D0572BE7CD5}"
EndProject
Project("{9A19103F-16F7-4668-BE54-9A1E7A4F7556}") = "ProjectService", "ProjectService\ProjectService.csproj", "{69538A27-D3D0-4B81-8EB7-83D42A7465A2}"
EndProject
Project("{9A19103F-16F7-4668-BE54-9A1E7A4F7556}") = "Client", "Infrastructure\Client.csproj", "{6999EC48-E9F3-46EA-8B87-E14F6E00FBEC}"
EndProject
Project("{2150E333-8FDC-42A3-9474-1A3956D46DE8}") = "Infrastructure", "Infrastructure", "{22D1E375-C459-44A1-BDE0-20F581C2D710}"
EndProject
Project("{9A19103F-16F7-4668-BE54-9A1E7A4F7556}") = "Utility", "Utility\Utility.csproj", "{14CB1164-7243-4A46-98D0-1169F0EBDE45}"
EndProject
Project("{2150E333-8FDC-42A3-9474-1A3956D46DE8}") = "InfrastructureTests", "InfrastructureTests", "{C263C870-DE19-48EC-8D43-778F872B4131}"
EndProject
Project("{9A19103F-16F7-4668-BE54-9A1E7A4F7556}") = "UtilityTests", "UtilityTests\UtilityTests.csproj", "{4AFEDED8-7787-424B-AB85-949521D9AFEA}"
EndProject
Project("{9A19103F-16F7-4668-BE54-9A1E7A4F7556}") = "ImageFileIndexService", "ImageFileIndexService\ImageFileIndexService.csproj", "{FB4F9FBA-F636-4B20-BB67-603F07939EBF}"
EndProject
Project("{9A19103F-16F7-4668-BE54-9A1E7A4F7556}") = "ImageFileIndexServiceTests", "ImageFileIndexServiceTests\ImageFileIndexServiceTests.csproj", "{BB234614-E4BD-4D62-949C-FF6965503A0A}"
EndProject
Project("{2150E333-8FDC-42A3-9474-1A3956D46DE8}") = "Helpers", "Helpers", "{496FB012-7BF9-4934-8F7D-FCBE33274207}"
EndProject
Project("{9A19103F-16F7-4668-BE54-9A1E7A4F7556}") = "ImageMosaicService", "ImageMosaicService\ImageMosaicService.csproj", "{EB1B5A33-8CD5-45DD-A98B-9C076F6464FA}"
EndProject
Project("{9A19103F-16F7-4668-BE54-9A1E7A4F7556}") = "ImageMosaicServiceTests", "ImageMosaicServiceTests\ImageMosaicServiceTests.csproj", "{C2F045CD-90D8-4DBB-A98C-D337ACC47508}"
EndProject
Global
	GlobalSection(SolutionConfigurationPlatforms) = preSolution
		Debug|Any CPU = Debug|Any CPU
		Release|Any CPU = Release|Any CPU
	EndGlobalSection
	GlobalSection(ProjectConfigurationPlatforms) = postSolution
		{EFE854FC-208F-414C-B9EE-8D51925B7B3C}.Debug|Any CPU.ActiveCfg = Debug|Any CPU
		{EFE854FC-208F-414C-B9EE-8D51925B7B3C}.Debug|Any CPU.Build.0 = Debug|Any CPU
		{EFE854FC-208F-414C-B9EE-8D51925B7B3C}.Release|Any CPU.ActiveCfg = Release|Any CPU
		{EFE854FC-208F-414C-B9EE-8D51925B7B3C}.Release|Any CPU.Build.0 = Release|Any CPU
		{24F1FFC4-E572-4EF4-9373-49C9EDFA30CC}.Debug|Any CPU.ActiveCfg = Debug|Any CPU
		{24F1FFC4-E572-4EF4-9373-49C9EDFA30CC}.Debug|Any CPU.Build.0 = Debug|Any CPU
		{24F1FFC4-E572-4EF4-9373-49C9EDFA30CC}.Release|Any CPU.ActiveCfg = Release|Any CPU
		{24F1FFC4-E572-4EF4-9373-49C9EDFA30CC}.Release|Any CPU.Build.0 = Release|Any CPU
		{0F98CEB6-5D7F-4ED8-8CA7-D88A5A43A724}.Debug|Any CPU.ActiveCfg = Debug|Any CPU
		{0F98CEB6-5D7F-4ED8-8CA7-D88A5A43A724}.Debug|Any CPU.Build.0 = Debug|Any CPU
		{0F98CEB6-5D7F-4ED8-8CA7-D88A5A43A724}.Release|Any CPU.ActiveCfg = Release|Any CPU
		{0F98CEB6-5D7F-4ED8-8CA7-D88A5A43A724}.Release|Any CPU.Build.0 = Release|Any CPU
		{6320606F-8B07-4294-BB4A-5DDAC8F8ABDD}.Debug|Any CPU.ActiveCfg = Debug|Any CPU
		{6320606F-8B07-4294-BB4A-5DDAC8F8ABDD}.Debug|Any CPU.Build.0 = Debug|Any CPU
		{6320606F-8B07-4294-BB4A-5DDAC8F8ABDD}.Release|Any CPU.ActiveCfg = Release|Any CPU
		{6320606F-8B07-4294-BB4A-5DDAC8F8ABDD}.Release|Any CPU.Build.0 = Release|Any CPU
		{846EDC5D-3F01-4CE5-90EF-8D0572BE7CD5}.Debug|Any CPU.ActiveCfg = Debug|Any CPU
		{846EDC5D-3F01-4CE5-90EF-8D0572BE7CD5}.Debug|Any CPU.Build.0 = Debug|Any CPU
		{846EDC5D-3F01-4CE5-90EF-8D0572BE7CD5}.Release|Any CPU.ActiveCfg = Release|Any CPU
		{846EDC5D-3F01-4CE5-90EF-8D0572BE7CD5}.Release|Any CPU.Build.0 = Release|Any CPU
		{69538A27-D3D0-4B81-8EB7-83D42A7465A2}.Debug|Any CPU.ActiveCfg = Debug|Any CPU
		{69538A27-D3D0-4B81-8EB7-83D42A7465A2}.Debug|Any CPU.Build.0 = Debug|Any CPU
		{69538A27-D3D0-4B81-8EB7-83D42A7465A2}.Release|Any CPU.ActiveCfg = Release|Any CPU
		{69538A27-D3D0-4B81-8EB7-83D42A7465A2}.Release|Any CPU.Build.0 = Release|Any CPU
		{6999EC48-E9F3-46EA-8B87-E14F6E00FBEC}.Debug|Any CPU.ActiveCfg = Debug|Any CPU
		{6999EC48-E9F3-46EA-8B87-E14F6E00FBEC}.Debug|Any CPU.Build.0 = Debug|Any CPU
		{6999EC48-E9F3-46EA-8B87-E14F6E00FBEC}.Release|Any CPU.ActiveCfg = Release|Any CPU
		{6999EC48-E9F3-46EA-8B87-E14F6E00FBEC}.Release|Any CPU.Build.0 = Release|Any CPU
		{14CB1164-7243-4A46-98D0-1169F0EBDE45}.Debug|Any CPU.ActiveCfg = Debug|Any CPU
		{14CB1164-7243-4A46-98D0-1169F0EBDE45}.Debug|Any CPU.Build.0 = Debug|Any CPU
		{14CB1164-7243-4A46-98D0-1169F0EBDE45}.Release|Any CPU.ActiveCfg = Release|Any CPU
		{14CB1164-7243-4A46-98D0-1169F0EBDE45}.Release|Any CPU.Build.0 = Release|Any CPU
		{4AFEDED8-7787-424B-AB85-949521D9AFEA}.Debug|Any CPU.ActiveCfg = Debug|Any CPU
		{4AFEDED8-7787-424B-AB85-949521D9AFEA}.Debug|Any CPU.Build.0 = Debug|Any CPU
		{4AFEDED8-7787-424B-AB85-949521D9AFEA}.Release|Any CPU.ActiveCfg = Release|Any CPU
		{4AFEDED8-7787-424B-AB85-949521D9AFEA}.Release|Any CPU.Build.0 = Release|Any CPU
		{FB4F9FBA-F636-4B20-BB67-603F07939EBF}.Debug|Any CPU.ActiveCfg = Debug|Any CPU
		{FB4F9FBA-F636-4B20-BB67-603F07939EBF}.Debug|Any CPU.Build.0 = Debug|Any CPU
		{FB4F9FBA-F636-4B20-BB67-603F07939EBF}.Release|Any CPU.ActiveCfg = Release|Any CPU
		{FB4F9FBA-F636-4B20-BB67-603F07939EBF}.Release|Any CPU.Build.0 = Release|Any CPU
		{BB234614-E4BD-4D62-949C-FF6965503A0A}.Debug|Any CPU.ActiveCfg = Debug|Any CPU
		{BB234614-E4BD-4D62-949C-FF6965503A0A}.Debug|Any CPU.Build.0 = Debug|Any CPU
		{BB234614-E4BD-4D62-949C-FF6965503A0A}.Release|Any CPU.ActiveCfg = Release|Any CPU
		{BB234614-E4BD-4D62-949C-FF6965503A0A}.Release|Any CPU.Build.0 = Release|Any CPU
		{EB1B5A33-8CD5-45DD-A98B-9C076F6464FA}.Debug|Any CPU.ActiveCfg = Debug|Any CPU
		{EB1B5A33-8CD5-45DD-A98B-9C076F6464FA}.Debug|Any CPU.Build.0 = Debug|Any CPU
		{EB1B5A33-8CD5-45DD-A98B-9C076F6464FA}.Release|Any CPU.ActiveCfg = Release|Any CPU
		{EB1B5A33-8CD5-45DD-A98B-9C076F6464FA}.Release|Any CPU.Build.0 = Release|Any CPU
		{C2F045CD-90D8-4DBB-A98C-D337ACC47508}.Debug|Any CPU.ActiveCfg = Debug|Any CPU
		{C2F045CD-90D8-4DBB-A98C-D337ACC47508}.Debug|Any CPU.Build.0 = Debug|Any CPU
		{C2F045CD-90D8-4DBB-A98C-D337ACC47508}.Release|Any CPU.ActiveCfg = Release|Any CPU
		{C2F045CD-90D8-4DBB-A98C-D337ACC47508}.Release|Any CPU.Build.0 = Release|Any CPU
	EndGlobalSection
	GlobalSection(SolutionProperties) = preSolution
		HideSolutionNode = FALSE
	EndGlobalSection
	GlobalSection(NestedProjects) = preSolution
		{EFE854FC-208F-414C-B9EE-8D51925B7B3C} = {D9A2AC9A-9CF0-40AB-89A1-25A49D6880CB}
		{24F1FFC4-E572-4EF4-9373-49C9EDFA30CC} = {91CF7EEC-6DC5-4AC8-B7C0-1BC87A4E6145}
		{0F98CEB6-5D7F-4ED8-8CA7-D88A5A43A724} = {FA0B4815-E855-4832-A479-EC09EDC32CB3}
		{91CF7EEC-6DC5-4AC8-B7C0-1BC87A4E6145} = {21186CB8-8355-4A32-847E-CE5FCF6F753A}
		{03BC8850-B308-4CC8-AFE7-5D6A102F2816} = {21186CB8-8355-4A32-847E-CE5FCF6F753A}
		{6320606F-8B07-4294-BB4A-5DDAC8F8ABDD} = {03BC8850-B308-4CC8-AFE7-5D6A102F2816}
		{846EDC5D-3F01-4CE5-90EF-8D0572BE7CD5} = {03BC8850-B308-4CC8-AFE7-5D6A102F2816}
		{69538A27-D3D0-4B81-8EB7-83D42A7465A2} = {FA0B4815-E855-4832-A479-EC09EDC32CB3}
		{6999EC48-E9F3-46EA-8B87-E14F6E00FBEC} = {22D1E375-C459-44A1-BDE0-20F581C2D710}
		{14CB1164-7243-4A46-98D0-1169F0EBDE45} = {22D1E375-C459-44A1-BDE0-20F581C2D710}
		{C263C870-DE19-48EC-8D43-778F872B4131} = {21186CB8-8355-4A32-847E-CE5FCF6F753A}
		{4AFEDED8-7787-424B-AB85-949521D9AFEA} = {C263C870-DE19-48EC-8D43-778F872B4131}
		{FB4F9FBA-F636-4B20-BB67-603F07939EBF} = {FA0B4815-E855-4832-A479-EC09EDC32CB3}
		{BB234614-E4BD-4D62-949C-FF6965503A0A} = {03BC8850-B308-4CC8-AFE7-5D6A102F2816}
		{496FB012-7BF9-4934-8F7D-FCBE33274207} = {21186CB8-8355-4A32-847E-CE5FCF6F753A}
		{EB1B5A33-8CD5-45DD-A98B-9C076F6464FA} = {FA0B4815-E855-4832-A479-EC09EDC32CB3}
		{C2F045CD-90D8-4DBB-A98C-D337ACC47508} = {03BC8850-B308-4CC8-AFE7-5D6A102F2816}
	EndGlobalSection
	GlobalSection(ExtensibilityGlobals) = postSolution
		SolutionGuid = {464F8E7A-E36D-46D9-B546-43556FA14995}
	EndGlobalSection
EndGlobal
